
Microsoft Visual Studio Solution File, Format Version 12.00
# Visual Studio Version 16
VisualStudioVersion = 16.0.30523.141
MinimumVisualStudioVersion = 10.0.40219.1
Project("{FAE04EC0-301F-11D3-BF4B-00C04F79EFBC}") = "ArrayHelper", "ArrayHelper\ArrayHelper.csproj", "{B86E0677-C947-4A07-A20F-14D7D9790E4C}"
EndProject
Global
	GlobalSection(SolutionConfigurationPlatforms) = preSolution
		Debug|Any CPU = Debug|Any CPU
		Release|Any CPU = Release|Any CPU
	EndGlobalSection
	GlobalSection(ProjectConfigurationPlatforms) = postSolution
		{B86E0677-C947-4A07-A20F-14D7D9790E4C}.Debug|Any CPU.ActiveCfg = Debug|Any CPU
		{B86E0677-C947-4A07-A20F-14D7D9790E4C}.Debug|Any CPU.Build.0 = Debug|Any CPU
		{B86E0677-C947-4A07-A20F-14D7D9790E4C}.Release|Any CPU.ActiveCfg = Release|Any CPU
		{B86E0677-C947-4A07-A20F-14D7D9790E4C}.Release|Any CPU.Build.0 = Release|Any CPU
	EndGlobalSection
	GlobalSection(SolutionProperties) = preSolution
		HideSolutionNode = FALSE
	EndGlobalSection
	GlobalSection(ExtensibilityGlobals) = postSolution
		SolutionGuid = {DAB38305-0252-4A20-AF8B-F4E372A83A7D}
	EndGlobalSection
EndGlobal
